
Microsoft Visual Studio Solution File, Format Version 12.00
# Visual Studio Version 17
VisualStudioVersion = 17.9.34622.214
MinimumVisualStudioVersion = 10.0.40219.1
Project("{FAE04EC0-301F-11D3-BF4B-00C04F79EFBC}") = "yasmeen_husam", "yasmeen_husam\yasmeen_husam.csproj", "{EFD50C5D-6B7C-45A2-AD89-D87A138ACCF1}"
EndProject
Global
	GlobalSection(SolutionConfigurationPlatforms) = preSolution
		Debug|Any CPU = Debug|Any CPU
		Release|Any CPU = Release|Any CPU
	EndGlobalSection
	GlobalSection(ProjectConfigurationPlatforms) = postSolution
		{EFD50C5D-6B7C-45A2-AD89-D87A138ACCF1}.Debug|Any CPU.ActiveCfg = Debug|Any CPU
		{EFD50C5D-6B7C-45A2-AD89-D87A138ACCF1}.Debug|Any CPU.Build.0 = Debug|Any CPU
		{EFD50C5D-6B7C-45A2-AD89-D87A138ACCF1}.Release|Any CPU.ActiveCfg = Release|Any CPU
		{EFD50C5D-6B7C-45A2-AD89-D87A138ACCF1}.Release|Any CPU.Build.0 = Release|Any CPU
	EndGlobalSection
	GlobalSection(SolutionProperties) = preSolution
		HideSolutionNode = FALSE
	EndGlobalSection
	GlobalSection(ExtensibilityGlobals) = postSolution
		SolutionGuid = {BF1EDE33-C08E-4B00-BDB0-8A62303B2C02}
	EndGlobalSection
EndGlobal
